// !$*UTF8*$!
{
	archiveVersion = 1;
	classes = {
	};
	objectVersion = 56;
	objects = {

/* Begin PBXBuildFile section */
		7EDDAFDA2B7E900A00F1CE5B /* AppDelegate.swift in Sources */ = {isa = PBXBuildFile; fileRef = 7EDDAFD92B7E900A00F1CE5B /* AppDelegate.swift */; };
		7EDDAFDC2B7E900A00F1CE5B /* SceneDelegate.swift in Sources */ = {isa = PBXBuildFile; fileRef = 7EDDAFDB2B7E900A00F1CE5B /* SceneDelegate.swift */; };
		7EDDAFDE2B7E900A00F1CE5B /* ViewController.swift in Sources */ = {isa = PBXBuildFile; fileRef = 7EDDAFDD2B7E900A00F1CE5B /* ViewController.swift */; };
		7EDDAFE12B7E900A00F1CE5B /* Main.storyboard in Resources */ = {isa = PBXBuildFile; fileRef = 7EDDAFDF2B7E900A00F1CE5B /* Main.storyboard */; };
		7EDDAFE32B7E900C00F1CE5B /* Assets.xcassets in Resources */ = {isa = PBXBuildFile; fileRef = 7EDDAFE22B7E900C00F1CE5B /* Assets.xcassets */; };
		7EDDAFE62B7E900C00F1CE5B /* LaunchScreen.storyboard in Resources */ = {isa = PBXBuildFile; fileRef = 7EDDAFE42B7E900C00F1CE5B /* LaunchScreen.storyboard */; };
		7EDDAFF02B7EB27400F1CE5B /* CustomTableViewCell.swift in Sources */ = {isa = PBXBuildFile; fileRef = 7EDDAFEE2B7EB27400F1CE5B /* CustomTableViewCell.swift */; };
		7EDDAFF12B7EB27400F1CE5B /* CustomTableViewCell.xib in Resources */ = {isa = PBXBuildFile; fileRef = 7EDDAFEF2B7EB27400F1CE5B /* CustomTableViewCell.xib */; };
/* End PBXBuildFile section */

/* Begin PBXFileReference section */
		7EDDAFD62B7E900A00F1CE5B /* primeiroAppTableViewCurso.app */ = {isa = PBXFileReference; explicitFileType = wrapper.application; includeInIndex = 0; path = primeiroAppTableViewCurso.app; sourceTree = BUILT_PRODUCTS_DIR; };
		7EDDAFD92B7E900A00F1CE5B /* AppDelegate.swift */ = {isa = PBXFileReference; lastKnownFileType = sourcecode.swift; path = AppDelegate.swift; sourceTree = "<group>"; };
		7EDDAFDB2B7E900A00F1CE5B /* SceneDelegate.swift */ = {isa = PBXFileReference; lastKnownFileType = sourcecode.swift; path = SceneDelegate.swift; sourceTree = "<group>"; };
		7EDDAFDD2B7E900A00F1CE5B /* ViewController.swift */ = {isa = PBXFileReference; lastKnownFileType = sourcecode.swift; path = ViewController.swift; sourceTree = "<group>"; };
		7EDDAFE02B7E900A00F1CE5B /* Base */ = {isa = PBXFileReference; lastKnownFileType = file.storyboard; name = Base; path = Base.lproj/Main.storyboard; sourceTree = "<group>"; };
		7EDDAFE22B7E900C00F1CE5B /* Assets.xcassets */ = {isa = PBXFileReference; lastKnownFileType = folder.assetcatalog; path = Assets.xcassets; sourceTree = "<group>"; };
		7EDDAFE52B7E900C00F1CE5B /* Base */ = {isa = PBXFileReference; lastKnownFileType = file.storyboard; name = Base; path = Base.lproj/LaunchScreen.storyboard; sourceTree = "<group>"; };
		7EDDAFE72B7E900C00F1CE5B /* Info.plist */ = {isa = PBXFileReference; lastKnownFileType = text.plist.xml; path = Info.plist; sourceTree = "<group>"; };
		7EDDAFEE2B7EB27400F1CE5B /* CustomTableViewCell.swift */ = {isa = PBXFileReference; lastKnownFileType = sourcecode.swift; path = CustomTableViewCell.swift; sourceTree = "<group>"; };
		7EDDAFEF2B7EB27400F1CE5B /* CustomTableViewCell.xib */ = {isa = PBXFileReference; lastKnownFileType = file.xib; path = CustomTableViewCell.xib; sourceTree = "<group>"; };
/* End PBXFileReference section */

/* Begin PBXFrameworksBuildPhase section */
		7EDDAFD32B7E900A00F1CE5B /* Frameworks */ = {
			isa = PBXFrameworksBuildPhase;
			buildActionMask = 2147483647;
			files = (
			);
			runOnlyForDeploymentPostprocessing = 0;
		};
/* End PBXFrameworksBuildPhase section */

/* Begin PBXGroup section */
		7EDDAFCD2B7E900A00F1CE5B = {
			isa = PBXGroup;
			children = (
				7EDDAFD82B7E900A00F1CE5B /* primeiroAppTableViewCurso */,
				7EDDAFD72B7E900A00F1CE5B /* Products */,
			);
			sourceTree = "<group>";
		};
		7EDDAFD72B7E900A00F1CE5B /* Products */ = {
			isa = PBXGroup;
			children = (
				7EDDAFD62B7E900A00F1CE5B /* primeiroAppTableViewCurso.app */,
			);
			name = Products;
			sourceTree = "<group>";
		};
		7EDDAFD82B7E900A00F1CE5B /* primeiroAppTableViewCurso */ = {
			isa = PBXGroup;
			children = (
				7EDDAFED2B7EB1D500F1CE5B /* UITableViewCell */,
				7EDDAFD92B7E900A00F1CE5B /* AppDelegate.swift */,
				7EDDAFDB2B7E900A00F1CE5B /* SceneDelegate.swift */,
				7EDDAFDD2B7E900A00F1CE5B /* ViewController.swift */,
				7EDDAFDF2B7E900A00F1CE5B /* Main.storyboard */,
				7EDDAFE22B7E900C00F1CE5B /* Assets.xcassets */,
				7EDDAFE42B7E900C00F1CE5B /* LaunchScreen.storyboard */,
				7EDDAFE72B7E900C00F1CE5B /* Info.plist */,
			);
			path = primeiroAppTableViewCurso;
			sourceTree = "<group>";
		};
		7EDDAFED2B7EB1D500F1CE5B /* UITableViewCell */ = {
			isa = PBXGroup;
			children = (
				7EDDAFEE2B7EB27400F1CE5B /* CustomTableViewCell.swift */,
				7EDDAFEF2B7EB27400F1CE5B /* CustomTableViewCell.xib */,
			);
			path = UITableViewCell;
			sourceTree = "<group>";
		};
/* End PBXGroup section */

/* Begin PBXNativeTarget section */
		7EDDAFD52B7E900A00F1CE5B /* primeiroAppTableViewCurso */ = {
			isa = PBXNativeTarget;
			buildConfigurationList = 7EDDAFEA2B7E900C00F1CE5B /* Build configuration list for PBXNativeTarget "primeiroAppTableViewCurso" */;
			buildPhases = (
				7EDDAFD22B7E900A00F1CE5B /* Sources */,
				7EDDAFD32B7E900A00F1CE5B /* Frameworks */,
				7EDDAFD42B7E900A00F1CE5B /* Resources */,
			);
			buildRules = (
			);
			dependencies = (
			);
			name = primeiroAppTableViewCurso;
			productName = primeiroAppTableViewCurso;
			productReference = 7EDDAFD62B7E900A00F1CE5B /* primeiroAppTableViewCurso.app */;
			productType = "com.apple.product-type.application";
		};
/* End PBXNativeTarget section */

/* Begin PBXProject section */
		7EDDAFCE2B7E900A00F1CE5B /* Project object */ = {
			isa = PBXProject;
			attributes = {
				BuildIndependentTargetsInParallel = 1;
				LastSwiftUpdateCheck = 1520;
				LastUpgradeCheck = 1520;
				TargetAttributes = {
					7EDDAFD52B7E900A00F1CE5B = {
						CreatedOnToolsVersion = 15.2;
					};
				};
			};
			buildConfigurationList = 7EDDAFD12B7E900A00F1CE5B /* Build configuration list for PBXProject "primeiroAppTableViewCurso" */;
			compatibilityVersion = "Xcode 14.0";
			developmentRegion = en;
			hasScannedForEncodings = 0;
			knownRegions = (
				en,
				Base,
			);
			mainGroup = 7EDDAFCD2B7E900A00F1CE5B;
			productRefGroup = 7EDDAFD72B7E900A00F1CE5B /* Products */;
			projectDirPath = "";
			projectRoot = "";
			targets = (
				7EDDAFD52B7E900A00F1CE5B /* primeiroAppTableViewCurso */,
			);
		};
/* End PBXProject section */

/* Begin PBXResourcesBuildPhase section */
		7EDDAFD42B7E900A00F1CE5B /* Resources */ = {
			isa = PBXResourcesBuildPhase;
			buildActionMask = 2147483647;
			files = (
				7EDDAFE62B7E900C00F1CE5B /* LaunchScreen.storyboard in Resources */,
				7EDDAFE32B7E900C00F1CE5B /* Assets.xcassets in Resources */,
				7EDDAFF12B7EB27400F1CE5B /* CustomTableViewCell.xib in Resources */,
				7EDDAFE12B7E900A00F1CE5B /* Main.storyboard in Resources */,
			);
			runOnlyForDeploymentPostprocessing = 0;
		};
/* End PBXResourcesBuildPhase section */

/* Begin PBXSourcesBuildPhase section */
		7EDDAFD22B7E900A00F1CE5B /* Sources */ = {
			isa = PBXSourcesBuildPhase;
			buildActionMask = 2147483647;
			files = (
				7EDDAFDE2B7E900A00F1CE5B /* ViewController.swift in Sources */,
				7EDDAFDA2B7E900A00F1CE5B /* AppDelegate.swift in Sources */,
				7EDDAFF02B7EB27400F1CE5B /* CustomTableViewCell.swift in Sources */,
				7EDDAFDC2B7E900A00F1CE5B /* SceneDelegate.swift in Sources */,
			);
			runOnlyForDeploymentPostprocessing = 0;
		};
/* End PBXSourcesBuildPhase section */

/* Begin PBXVariantGroup section */
		7EDDAFDF2B7E900A00F1CE5B /* Main.storyboard */ = {
			isa = PBXVariantGroup;
			children = (
				7EDDAFE02B7E900A00F1CE5B /* Base */,
			);
			name = Main.storyboard;
			sourceTree = "<group>";
		};
		7EDDAFE42B7E900C00F1CE5B /* LaunchScreen.storyboard */ = {
			isa = PBXVariantGroup;
			children = (
				7EDDAFE52B7E900C00F1CE5B /* Base */,
			);
			name = LaunchScreen.storyboard;
			sourceTree = "<group>";
		};
/* End PBXVariantGroup section */

/* Begin XCBuildConfiguration section */
		7EDDAFE82B7E900C00F1CE5B /* Debug */ = {
			isa = XCBuildConfiguration;
			buildSettings = {
				ALWAYS_SEARCH_USER_PATHS = NO;
				ASSETCATALOG_COMPILER_GENERATE_SWIFT_ASSET_SYMBOL_EXTENSIONS = YES;
				CLANG_ANALYZER_NONNULL = YES;
				CLANG_ANALYZER_NUMBER_OBJECT_CONVERSION = YES_AGGRESSIVE;
				CLANG_CXX_LANGUAGE_STANDARD = "gnu++20";
				CLANG_ENABLE_MODULES = YES;
				CLANG_ENABLE_OBJC_ARC = YES;
				CLANG_ENABLE_OBJC_WEAK = YES;
				CLANG_WARN_BLOCK_CAPTURE_AUTORELEASING = YES;
				CLANG_WARN_BOOL_CONVERSION = YES;
				CLANG_WARN_COMMA = YES;
				CLANG_WARN_CONSTANT_CONVERSION = YES;
				CLANG_WARN_DEPRECATED_OBJC_IMPLEMENTATIONS = YES;
				CLANG_WARN_DIRECT_OBJC_ISA_USAGE = YES_ERROR;
				CLANG_WARN_DOCUMENTATION_COMMENTS = YES;
				CLANG_WARN_EMPTY_BODY = YES;
				CLANG_WARN_ENUM_CONVERSION = YES;
				CLANG_WARN_INFINITE_RECURSION = YES;
				CLANG_WARN_INT_CONVERSION = YES;
				CLANG_WARN_NON_LITERAL_NULL_CONVERSION = YES;
				CLANG_WARN_OBJC_IMPLICIT_RETAIN_SELF = YES;
				CLANG_WARN_OBJC_LITERAL_CONVERSION = YES;
				CLANG_WARN_OBJC_ROOT_CLASS = YES_ERROR;
				CLANG_WARN_QUOTED_INCLUDE_IN_FRAMEWORK_HEADER = YES;
				CLANG_WARN_RANGE_LOOP_ANALYSIS = YES;
				CLANG_WARN_STRICT_PROTOTYPES = YES;
				CLANG_WARN_SUSPICIOUS_MOVE = YES;
				CLANG_WARN_UNGUARDED_AVAILABILITY = YES_AGGRESSIVE;
				CLANG_WARN_UNREACHABLE_CODE = YES;
				CLANG_WARN__DUPLICATE_METHOD_MATCH = YES;
				COPY_PHASE_STRIP = NO;
				DEBUG_INFORMATION_FORMAT = dwarf;
				ENABLE_STRICT_OBJC_MSGSEND = YES;
				ENABLE_TESTABILITY = YES;
				ENABLE_USER_SCRIPT_SANDBOXING = YES;
				GCC_C_LANGUAGE_STANDARD = gnu17;
				GCC_DYNAMIC_NO_PIC = NO;
				GCC_NO_COMMON_BLOCKS = YES;
				GCC_OPTIMIZATION_LEVEL = 0;
				GCC_PREPROCESSOR_DEFINITIONS = (
					"DEBUG=1",
					"$(inherited)",
				);
				GCC_WARN_64_TO_32_BIT_CONVERSION = YES;
				GCC_WARN_ABOUT_RETURN_TYPE = YES_ERROR;
				GCC_WARN_UNDECLARED_SELECTOR = YES;
				GCC_WARN_UNINITIALIZED_AUTOS = YES_AGGRESSIVE;
				GCC_WARN_UNUSED_FUNCTION = YES;
				GCC_WARN_UNUSED_VARIABLE = YES;
				IPHONEOS_DEPLOYMENT_TARGET = 17.2;
				LOCALIZATION_PREFERS_STRING_CATALOGS = YES;
				MTL_ENABLE_DEBUG_INFO = INCLUDE_SOURCE;
				MTL_FAST_MATH = YES;
				ONLY_ACTIVE_ARCH = YES;
				SDKROOT = iphoneos;
				SWIFT_ACTIVE_COMPILATION_CONDITIONS = "DEBUG $(inherited)";
				SWIFT_OPTIMIZATION_LEVEL = "-Onone";
			};
			name = Debug;
		};
		7EDDAFE92B7E900C00F1CE5B /* Release */ = {
			isa = XCBuildConfiguration;
			buildSettings = {
				ALWAYS_SEARCH_USER_PATHS = NO;
				ASSETCATALOG_COMPILER_GENERATE_SWIFT_ASSET_SYMBOL_EXTENSIONS = YES;
				CLANG_ANALYZER_NONNULL = YES;
				CLANG_ANALYZER_NUMBER_OBJECT_CONVERSION = YES_AGGRESSIVE;
				CLANG_CXX_LANGUAGE_STANDARD = "gnu++20";
				CLANG_ENABLE_MODULES = YES;
				CLANG_ENABLE_OBJC_ARC = YES;
				CLANG_ENABLE_OBJC_WEAK = YES;
				CLANG_WARN_BLOCK_CAPTURE_AUTORELEASING = YES;
				CLANG_WARN_BOOL_CONVERSION = YES;
				CLANG_WARN_COMMA = YES;
				CLANG_WARN_CONSTANT_CONVERSION = YES;
				CLANG_WARN_DEPRECATED_OBJC_IMPLEMENTATIONS = YES;
				CLANG_WARN_DIRECT_OBJC_ISA_USAGE = YES_ERROR;
				CLANG_WARN_DOCUMENTATION_COMMENTS = YES;
				CLANG_WARN_EMPTY_BODY = YES;
				CLANG_WARN_ENUM_CONVERSION = YES;
				CLANG_WARN_INFINITE_RECURSION = YES;
				CLANG_WARN_INT_CONVERSION = YES;
				CLANG_WARN_NON_LITERAL_NULL_CONVERSION = YES;
				CLANG_WARN_OBJC_IMPLICIT_RETAIN_SELF = YES;
				CLANG_WARN_OBJC_LITERAL_CONVERSION = YES;
				CLANG_WARN_OBJC_ROOT_CLASS = YES_ERROR;
				CLANG_WARN_QUOTED_INCLUDE_IN_FRAMEWORK_HEADER = YES;
				CLANG_WARN_RANGE_LOOP_ANALYSIS = YES;
				CLANG_WARN_STRICT_PROTOTYPES = YES;
				CLANG_WARN_SUSPICIOUS_MOVE = YES;
				CLANG_WARN_UNGUARDED_AVAILABILITY = YES_AGGRESSIVE;
				CLANG_WARN_UNREACHABLE_CODE = YES;
				CLANG_WARN__DUPLICATE_METHOD_MATCH = YES;
				COPY_PHASE_STRIP = NO;
				DEBUG_INFORMATION_FORMAT = "dwarf-with-dsym";
				ENABLE_NS_ASSERTIONS = NO;
				ENABLE_STRICT_OBJC_MSGSEND = YES;
				ENABLE_USER_SCRIPT_SANDBOXING = YES;
				GCC_C_LANGUAGE_STANDARD = gnu17;
				GCC_NO_COMMON_BLOCKS = YES;
				GCC_WARN_64_TO_32_BIT_CONVERSION = YES;
				GCC_WARN_ABOUT_RETURN_TYPE = YES_ERROR;
				GCC_WARN_UNDECLARED_SELECTOR = YES;
				GCC_WARN_UNINITIALIZED_AUTOS = YES_AGGRESSIVE;
				GCC_WARN_UNUSED_FUNCTION = YES;
				GCC_WARN_UNUSED_VARIABLE = YES;
				IPHONEOS_DEPLOYMENT_TARGET = 17.2;
				LOCALIZATION_PREFERS_STRING_CATALOGS = YES;
				MTL_ENABLE_DEBUG_INFO = NO;
				MTL_FAST_MATH = YES;
				SDKROOT = iphoneos;
				SWIFT_COMPILATION_MODE = wholemodule;
				VALIDATE_PRODUCT = YES;
			};
			name = Release;
		};
		7EDDAFEB2B7E900C00F1CE5B /* Debug */ = {
			isa = XCBuildConfiguration;
			buildSettings = {
				ASSETCATALOG_COMPILER_APPICON_NAME = AppIcon;
				ASSETCATALOG_COMPILER_GLOBAL_ACCENT_COLOR_NAME = AccentColor;
				CODE_SIGN_STYLE = Automatic;
				CURRENT_PROJECT_VERSION = 1;
				DEVELOPMENT_TEAM = 66YFCPUJUU;
				GENERATE_INFOPLIST_FILE = YES;
				INFOPLIST_FILE = primeiroAppTableViewCurso/Info.plist;
				INFOPLIST_KEY_UIApplicationSupportsIndirectInputEvents = YES;
				INFOPLIST_KEY_UILaunchStoryboardName = LaunchScreen;
				INFOPLIST_KEY_UIMainStoryboardFile = Main;
				INFOPLIST_KEY_UISupportedInterfaceOrientations_iPad = "UIInterfaceOrientationPortrait UIInterfaceOrientationPortraitUpsideDown UIInterfaceOrientationLandscapeLeft UIInterfaceOrientationLandscapeRight";
				INFOPLIST_KEY_UISupportedInterfaceOrientations_iPhone = "UIInterfaceOrientationPortrait UIInterfaceOrientationLandscapeLeft UIInterfaceOrientationLandscapeRight";
				IPHONEOS_DEPLOYMENT_TARGET = 15.0;
				LD_RUNPATH_SEARCH_PATHS = (
					"$(inherited)",
					"@executable_path/Frameworks",
				);
				MARKETING_VERSION = 1.0;
				PRODUCT_BUNDLE_IDENTIFIER = backFront.primeiroAppTableViewCurso;
				PRODUCT_NAME = "$(TARGET_NAME)";
				SWIFT_EMIT_LOC_STRINGS = YES;
				SWIFT_VERSION = 5.0;
				TARGETED_DEVICE_FAMILY = "1,2";
			};
			name = Debug;
		};
		7EDDAFEC2B7E900C00F1CE5B /* Release */ = {
			isa = XCBuildConfiguration;
			buildSettings = {
				ASSETCATALOG_COMPILER_APPICON_NAME = AppIcon;
				ASSETCATALOG_COMPILER_GLOBAL_ACCENT_COLOR_NAME = AccentColor;
				CODE_SIGN_STYLE = Automatic;
				CURRENT_PROJECT_VERSION = 1;
				DEVELOPMENT_TEAM = 66YFCPUJUU;
				GENERATE_INFOPLIST_FILE = YES;
				INFOPLIST_FILE = primeiroAppTableViewCurso/Info.plist;
				INFOPLIST_KEY_UIApplicationSupportsIndirectInputEvents = YES;
				INFOPLIST_KEY_UILaunchStoryboardName = LaunchScreen;
				INFOPLIST_KEY_UIMainStoryboardFile = Main;
				INFOPLIST_KEY_UISupportedInterfaceOrientations_iPad = "UIInterfaceOrientationPortrait UIInterfaceOrientationPortraitUpsideDown UIInterfaceOrientationLandscapeLeft UIInterfaceOrientationLandscapeRight";
				INFOPLIST_KEY_UISupportedInterfaceOrientations_iPhone = "UIInterfaceOrientationPortrait UIInterfaceOrientationLandscapeLeft UIInterfaceOrientationLandscapeRight";
				IPHONEOS_DEPLOYMENT_TARGET = 15.0;
				LD_RUNPATH_SEARCH_PATHS = (
					"$(inherited)",
					"@executable_path/Frameworks",
				);
				MARKETING_VERSION = 1.0;
				PRODUCT_BUNDLE_IDENTIFIER = backFront.primeiroAppTableViewCurso;
				PRODUCT_NAME = "$(TARGET_NAME)";
				SWIFT_EMIT_LOC_STRINGS = YES;
				SWIFT_VERSION = 5.0;
				TARGETED_DEVICE_FAMILY = "1,2";
			};
			name = Release;
		};
/* End XCBuildConfiguration section */

/* Begin XCConfigurationList section */
		7EDDAFD12B7E900A00F1CE5B /* Build configuration list for PBXProject "primeiroAppTableViewCurso" */ = {
			isa = XCConfigurationList;
			buildConfigurations = (
				7EDDAFE82B7E900C00F1CE5B /* Debug */,
				7EDDAFE92B7E900C00F1CE5B /* Release */,
			);
			defaultConfigurationIsVisible = 0;
			defaultConfigurationName = Release;
		};
		7EDDAFEA2B7E900C00F1CE5B /* Build configuration list for PBXNativeTarget "primeiroAppTableViewCurso" */ = {
			isa = XCConfigurationList;
			buildConfigurations = (
				7EDDAFEB2B7E900C00F1CE5B /* Debug */,
				7EDDAFEC2B7E900C00F1CE5B /* Release */,
			);
			defaultConfigurationIsVisible = 0;
			defaultConfigurationName = Release;
		};
/* End XCConfigurationList section */
	};
	rootObject = 7EDDAFCE2B7E900A00F1CE5B /* Project object */;
}
